<Project xmlns="http://schemas.microsoft.com/developer/msbuild/2003">
    <PropertyGroup>
        <ProjectGuid>{8AF2DA30-09CD-4D78-960C-DE6D9D3F0EE0}</ProjectGuid>
        <ProjectVersion>18.1</ProjectVersion>
        <FrameworkType>None</FrameworkType>
        <MainSource>ProjectConsoleMain.dpr</MainSource>
        <Base>True</Base>
        <Config Condition="'$(Config)'==''">Debug</Config>
        <Platform Condition="'$(Platform)'==''">Win32</Platform>
        <TargetedPlatforms>1</TargetedPlatforms>
        <AppType>Console</AppType>
    </PropertyGroup>
    <PropertyGroup Condition="'$(Config)'=='Base' or '$(Base)'!=''">
        <Base>true</Base>
    </PropertyGroup>
    <PropertyGroup Condition="('$(Platform)'=='Android' and '$(Base)'=='true') or '$(Base_Android)'!=''">
        <Base_Android>true</Base_Android>
        <CfgParent>Base</CfgParent>
        <Base>true</Base>
    </PropertyGroup>
    <PropertyGroup Condition="('$(Platform)'=='Win32' and '$(Base)'=='true') or '$(Base_Win32)'!=''">
        <Base_Win32>true</Base_Win32>
        <CfgParent>Base</CfgParent>
        <Base>true</Base>
    </PropertyGroup>
    <PropertyGroup Condition="('$(Platform)'=='Win64' and '$(Base)'=='true') or '$(Base_Win64)'!=''">
        <Base_Win64>true</Base_Win64>
        <CfgParent>Base</CfgParent>
        <Base>true</Base>
    </PropertyGroup>
    <PropertyGroup Condition="'$(Config)'=='Debug' or '$(Cfg_1)'!=''">
        <Cfg_1>true</Cfg_1>
        <CfgParent>Base</CfgParent>
        <Base>true</Base>
    </PropertyGroup>
    <PropertyGroup Condition="('$(Platform)'=='Win32' and '$(Cfg_1)'=='true') or '$(Cfg_1_Win32)'!=''">
        <Cfg_1_Win32>true</Cfg_1_Win32>
        <CfgParent>Cfg_1</CfgParent>
        <Cfg_1>true</Cfg_1>
        <Base>true</Base>
    </PropertyGroup>
    <PropertyGroup Condition="'$(Config)'=='Release' or '$(Cfg_2)'!=''">
        <Cfg_2>true</Cfg_2>
        <CfgParent>Base</CfgParent>
        <Base>true</Base>
    </PropertyGroup>
    <PropertyGroup Condition="'$(Base)'!=''">
        <SanitizedProjectName>ProjectConsoleMain</SanitizedProjectName>
        <VerInfo_Keys>CompanyName=;FileDescription=;FileVersion=1.0.0.0;InternalName=;LegalCopyright=;LegalTrademarks=;OriginalFilename=;ProductName=;ProductVersion=1.0.0.0;Comments=</VerInfo_Keys>
        <VerInfo_Locale>1046</VerInfo_Locale>
        <DCC_Namespace>System;Xml;Data;Datasnap;Web;Soap;$(DCC_Namespace)</DCC_Namespace>
        <DCC_DcuOutput>.\dist\$(Platform)\$(Config)</DCC_DcuOutput>
        <DCC_ExeOutput>.\dist\$(Platform)\$(Config)</DCC_ExeOutput>
        <DCC_E>false</DCC_E>
        <DCC_N>false</DCC_N>
        <DCC_S>false</DCC_S>
        <DCC_F>false</DCC_F>
        <DCC_K>false</DCC_K>
    </PropertyGroup>
    <PropertyGroup Condition="'$(Base_Android)'!=''">
        <Android_SplashImage640>$(BDS)\bin\Artwork\Android\FM_SplashImage_640x480.png</Android_SplashImage640>
        <Android_SplashImage426>$(BDS)\bin\Artwork\Android\FM_SplashImage_426x320.png</Android_SplashImage426>
        <Android_LauncherIcon72>$(BDS)\bin\Artwork\Android\FM_LauncherIcon_72x72.png</Android_LauncherIcon72>
        <Android_SplashImage960>$(BDS)\bin\Artwork\Android\FM_SplashImage_960x720.png</Android_SplashImage960>
        <Android_SplashImage470>$(BDS)\bin\Artwork\Android\FM_SplashImage_470x320.png</Android_SplashImage470>
        <Android_LauncherIcon48>$(BDS)\bin\Artwork\Android\FM_LauncherIcon_48x48.png</Android_LauncherIcon48>
        <Android_LauncherIcon144>$(BDS)\bin\Artwork\Android\FM_LauncherIcon_144x144.png</Android_LauncherIcon144>
        <Android_LauncherIcon36>$(BDS)\bin\Artwork\Android\FM_LauncherIcon_36x36.png</Android_LauncherIcon36>
        <Android_LauncherIcon96>$(BDS)\bin\Artwork\Android\FM_LauncherIcon_96x96.png</Android_LauncherIcon96>
    </PropertyGroup>
    <PropertyGroup Condition="'$(Base_Win32)'!=''">
        <DCC_ConsoleTarget>true</DCC_ConsoleTarget>
        <VerInfo_Locale>1033</VerInfo_Locale>
        <VerInfo_Keys>CompanyName=;FileDescription=;FileVersion=1.0.0.0;InternalName=;LegalCopyright=;LegalTrademarks=;OriginalFilename=;ProductName=;ProductVersion=1.0.0.0;Comments=</VerInfo_Keys>
        <DCC_UsePackage>DBXSqliteDriver;DBXDb2Driver;dxCoreRS23;vclactnband;dxPSdxLCLnkRS23;vclFireDAC;dxPSLnksRS23;tethering;cxDataRS23;dxPSdxOCLnkRS23;dxTabbedMDIRS23;FireDACADSDriver;acSqlTextEditorD23;PCWizard;JvPluginSystem;dxDBXServerModeRS23;dxHttpIndyRequestRS23;dxPScxGridLnkRS23;cxSchedulerRS23;FireDACMSSQLDriver;dclRBDBE1723;vcltouch;JvBands;vcldb;Intraweb;svn;dxWizardControlRS23;dxPScxCommonRS23;rbDB1723;JvJans;dxBarRS23;cxSchedulerRibbonStyleEventEditorRS23;JvDotNetCtrls;crcontrols230;dxPSTeeChartRS23;VCL_Workaround_FastLineSeries;cxLibraryRS23;cxPivotGridChartRS23;rbDBE1723;dxPSdxDBOCLnkRS23;acQueryBuilderDsgnFireDACD23;dxGDIPlusRS23;FireDACDBXDriver;RtmRxBDE230;vclx;acCriteriaBuilderDsgnD23;acSqlTextEditorDsgnD23;rbCIDE1723;dxdborRS23;RESTBackendComponents;dxLayoutControlRS23;dxPSPrVwRibbonRS23;VCLRESTComponents;vclie;bindengine;CloudService;rbRAP1723;ComDrv32;FireDACMySQLDriver;acQueryBuilderD23;JvHMI;DataSnapClient;dxPScxPCProdRS23;bindcompdbx;DBXSybaseASEDriver;IndyIPServer;IndySystem;acQueryBuilderADOD23;dsnapcon;AbbreviaD;cxTreeListdxBarPopupMenuRS23;odac230;FireDACMSAccDriver;FireDACInfxDriver;fmxFireDAC;vclimg;PCNFe;Jcl;dxSpreadSheetConditionalFormattingDialogsRS23;rbADO1723;dxBarDBNavRS23;dxFlowChartRS23;rbUSER1723;DBXOdbcDriver;FireDACTDataDriver;FMXTee;soaprtl;DbxCommonDriver;dxSpreadSheetRS23;aformula;JvManagedThreads;dxPSdxSpreadSheetLnkRS23;xmlrtl;soapmidas;DataSnapNativeClient;fmxobj;JvTimeFramework;rtl;acQueryBuilderDbExD23;DbxClientDriver;DBXSybaseASADriver;dxNavBarRS23;acQueryBuilderIbExD23;dxRichEditControlRS23;rbUSERDesign1723;JvSystem;dxOfficeCoreRS23;JvStdCtrls;appanalytics;cxPivotGridRS23;dxPScxVGridLnkRS23;IndyIPClient;dxRibbonRS23;rbDIDE1723;dxPScxTLLnkRS23;bindcompvcl;dxMapControlRS23;TeeUI;acQueryBuilderDsgnCrODACD23;JvDocking;JvPascalInterpreter;VclSmp;dxPScxSchedulerLnkRS23;cxTreeListRS23;FireDACODBCDriver;PCCore;JclVcl;DataSnapIndy10ServerTransport;dxRibbonCustomizationFormRS23;dxPSRichEditControlLnkRS23;dxBarExtDBItemsRS23;DataSnapProviderClient;FireDACMongoDBDriver;dxSpreadSheetReportDesignerRS23;dxSpellCheckerRS23;JvControls;acQueryBuilderDsgnADOD23;JvPrintPreview;acQueryBuilderDsgnDbExD23;RESTComponents;DBXInterBaseDriver;rbRTL1723;dxADOServerModeRS23;emsclientfiredac;PCCadastro;DataSnapFireDAC;svnui;dxmdsRS23;dxPSDBTeeChartRS23;dxdbtrRS23;TMSSmoothControlsPackPkgDXE9;acQueryBuilderDsgnIbExD23;JvGlobus;dxPSCoreRS23;DBXMSSQLDriver;rbDAD1723;LockBox;JvMM;DatasnapConnectorsFreePascal;JvNet;bindcompfmx;DBXOracleDriver;inetdb;WPrime;HsBarcode2DRun;dac230;JvAppFrm;rbTC1723;dxPSdxMapControlLnkRS23;FmxTeeUI;dxBarExtItemsRS23;FireDACIBDriver;fmx;fmxdae;dxServerModeRS23;TP_LockBox3;dxPsPrVwAdvRS23;JvWizards;cxPageControlRS23;cxSchedulerGridRS23;dbexpress;IndyCore;Print_Fast;JvPageComps;dsnap;DataSnapCommon;emsclient;FireDACCommon;JvDB;bdertl;DataSnapConnectors;cxVerticalGridRS23;odacvcl230;soapserver;dxTileControlRS23;JclDeveloperTools;cxGridRS23;FireDACOracleDriver;DBXMySQLDriver;odacfmx230;rbFireDAC1723;JvCmp;DBXFirebirdDriver;PCAutenticador;FireDACCommonDriver;rbTCUI1723;inet;IndyIPCommon;JvCustom;dxDockingRS23;vcl;dxPScxExtCommonRS23;JvXPCtrls;FireDACDb2Driver;dxThemeRS23;rbRest1723;RtmRxCtl230;PCDelphiExtend;dacfmx230;acQueryBuilderCrODACD23;dxPSdxFCLnkRS23;dxtrmdRS23;TeeDB;FireDAC;cxSchedulerTreeBrowserRS23;dacvcl230;JvCore;dxFireDACServerModeRS23;JvCrypt;FireDACSqliteDriver;FireDACPgDriver;ibmonitor;FireDACASADriver;oraprov230;cxEditorsRS23;rbIDE1723;acQueryBuilderFireDACD23;JvDlgs;dxGaugeControlRS23;ibxpress;Tee;RtmRxDB230;DataSnapServer;JvRuntimeDesign;dxPSdxPDFViewerLnkRS23;vclwinx;FireDACDSDriver;CustomIPTransport;vcldsnap;acCriteriaBuilderD23;rbBDE1723;SynEditDR;bindcomp;TMSSmoothControlsPackPkgDEDXE9;DBXInformixDriver;dxPSdxGaugeControlLnkRS23;dxPScxPivotGridLnkRS23;dxorgcRS23;dxPSdxDBTVLnkRS23;dclRBADO1723;vclribbon;dbxcds;dxPDFViewerRS23;adortl;PCWMS;acQueryBuilderDsgnD23;dclRBFireDAC1723;dclRBE1723;dxComnRS23;dsnapxml;dbrtl;inetdbxpress;IndyProtocols;cxExportRS23;rbRCL1723;JclContainers;rbRIDE1723;fmxase;$(DCC_UsePackage)</DCC_UsePackage>
        <DCC_Namespace>Winapi;System.Win;Data.Win;Datasnap.Win;Web.Win;Soap.Win;Xml.Win;Bde;$(DCC_Namespace)</DCC_Namespace>
    </PropertyGroup>
    <PropertyGroup Condition="'$(Base_Win64)'!=''">
        <DCC_ConsoleTarget>true</DCC_ConsoleTarget>
        <DCC_UsePackage>DBXSqliteDriver;DBXDb2Driver;dxCoreRS23;vclactnband;dxPSdxLCLnkRS23;vclFireDAC;dxPSLnksRS23;tethering;cxDataRS23;dxPSdxOCLnkRS23;dxTabbedMDIRS23;FireDACADSDriver;acSqlTextEditorD23;dxDBXServerModeRS23;dxHttpIndyRequestRS23;dxPScxGridLnkRS23;cxSchedulerRS23;FireDACMSSQLDriver;vcltouch;vcldb;Intraweb;dxWizardControlRS23;dxPScxCommonRS23;dxBarRS23;cxSchedulerRibbonStyleEventEditorRS23;dxPSTeeChartRS23;cxLibraryRS23;cxPivotGridChartRS23;dxPSdxDBOCLnkRS23;acQueryBuilderDsgnFireDACD23;dxGDIPlusRS23;FireDACDBXDriver;vclx;acCriteriaBuilderDsgnD23;acSqlTextEditorDsgnD23;dxdborRS23;RESTBackendComponents;dxLayoutControlRS23;dxPSPrVwRibbonRS23;VCLRESTComponents;vclie;bindengine;CloudService;FireDACMySQLDriver;acQueryBuilderD23;DataSnapClient;dxPScxPCProdRS23;bindcompdbx;DBXSybaseASEDriver;IndyIPServer;IndySystem;acQueryBuilderADOD23;dsnapcon;cxTreeListdxBarPopupMenuRS23;FireDACMSAccDriver;FireDACInfxDriver;fmxFireDAC;vclimg;Jcl;dxSpreadSheetConditionalFormattingDialogsRS23;dxBarDBNavRS23;dxFlowChartRS23;DBXOdbcDriver;FireDACTDataDriver;FMXTee;soaprtl;DbxCommonDriver;dxSpreadSheetRS23;dxPSdxSpreadSheetLnkRS23;xmlrtl;soapmidas;DataSnapNativeClient;fmxobj;rtl;acQueryBuilderDbExD23;DbxClientDriver;DBXSybaseASADriver;dxNavBarRS23;acQueryBuilderIbExD23;dxRichEditControlRS23;dxOfficeCoreRS23;appanalytics;cxPivotGridRS23;dxPScxVGridLnkRS23;IndyIPClient;dxRibbonRS23;dxPScxTLLnkRS23;bindcompvcl;dxMapControlRS23;TeeUI;acQueryBuilderDsgnCrODACD23;VclSmp;dxPScxSchedulerLnkRS23;cxTreeListRS23;FireDACODBCDriver;JclVcl;DataSnapIndy10ServerTransport;dxRibbonCustomizationFormRS23;dxPSRichEditControlLnkRS23;dxBarExtDBItemsRS23;DataSnapProviderClient;FireDACMongoDBDriver;dxSpreadSheetReportDesignerRS23;dxSpellCheckerRS23;acQueryBuilderDsgnADOD23;acQueryBuilderDsgnDbExD23;RESTComponents;DBXInterBaseDriver;dxADOServerModeRS23;emsclientfiredac;DataSnapFireDAC;dxmdsRS23;dxPSDBTeeChartRS23;dxdbtrRS23;acQueryBuilderDsgnIbExD23;dxPSCoreRS23;DBXMSSQLDriver;LockBox;DatasnapConnectorsFreePascal;bindcompfmx;DBXOracleDriver;inetdb;HsBarcode2DRun;dxPSdxMapControlLnkRS23;FmxTeeUI;dxBarExtItemsRS23;FireDACIBDriver;fmx;fmxdae;dxServerModeRS23;dxPsPrVwAdvRS23;cxPageControlRS23;cxSchedulerGridRS23;dbexpress;IndyCore;dsnap;DataSnapCommon;emsclient;FireDACCommon;DataSnapConnectors;cxVerticalGridRS23;soapserver;dxTileControlRS23;JclDeveloperTools;cxGridRS23;FireDACOracleDriver;DBXMySQLDriver;DBXFirebirdDriver;FireDACCommonDriver;inet;IndyIPCommon;dxDockingRS23;vcl;dxPScxExtCommonRS23;FireDACDb2Driver;dxThemeRS23;acQueryBuilderCrODACD23;dxPSdxFCLnkRS23;dxtrmdRS23;TeeDB;FireDAC;cxSchedulerTreeBrowserRS23;dxFireDACServerModeRS23;FireDACSqliteDriver;FireDACPgDriver;ibmonitor;FireDACASADriver;cxEditorsRS23;acQueryBuilderFireDACD23;dxGaugeControlRS23;ibxpress;Tee;DataSnapServer;dxPSdxPDFViewerLnkRS23;vclwinx;FireDACDSDriver;CustomIPTransport;vcldsnap;acCriteriaBuilderD23;bindcomp;DBXInformixDriver;dxPSdxGaugeControlLnkRS23;dxPScxPivotGridLnkRS23;dxorgcRS23;dxPSdxDBTVLnkRS23;vclribbon;dbxcds;dxPDFViewerRS23;adortl;acQueryBuilderDsgnD23;dxComnRS23;dsnapxml;dbrtl;inetdbxpress;IndyProtocols;cxExportRS23;JclContainers;fmxase;$(DCC_UsePackage)</DCC_UsePackage>
    </PropertyGroup>
    <PropertyGroup Condition="'$(Cfg_1)'!=''">
        <DCC_Define>DEBUG;$(DCC_Define)</DCC_Define>
        <DCC_DebugDCUs>true</DCC_DebugDCUs>
        <DCC_Optimize>false</DCC_Optimize>
        <DCC_GenerateStackFrames>true</DCC_GenerateStackFrames>
        <DCC_DebugInfoInExe>true</DCC_DebugInfoInExe>
        <DCC_RemoteDebug>true</DCC_RemoteDebug>
    </PropertyGroup>
    <PropertyGroup Condition="'$(Cfg_1_Win32)'!=''">
        <VerInfo_Locale>1033</VerInfo_Locale>
        <Manifest_File>None</Manifest_File>
        <DCC_RemoteDebug>false</DCC_RemoteDebug>
    </PropertyGroup>
    <PropertyGroup Condition="'$(Cfg_2)'!=''">
        <DCC_LocalDebugSymbols>false</DCC_LocalDebugSymbols>
        <DCC_Define>RELEASE;$(DCC_Define)</DCC_Define>
        <DCC_SymbolReferenceInfo>0</DCC_SymbolReferenceInfo>
        <DCC_DebugInformation>0</DCC_DebugInformation>
    </PropertyGroup>
    <ItemGroup>
        <DelphiCompile Include="$(MainSource)">
            <MainSource>MainSource</MainSource>
        </DelphiCompile>
        <BuildConfiguration Include="Release">
            <Key>Cfg_2</Key>
            <CfgParent>Base</CfgParent>
        </BuildConfiguration>
        <BuildConfiguration Include="Base">
            <Key>Base</Key>
        </BuildConfiguration>
        <BuildConfiguration Include="Debug">
            <Key>Cfg_1</Key>
            <CfgParent>Base</CfgParent>
        </BuildConfiguration>
    </ItemGroup>
    <ProjectExtensions>
        <Borland.Personality>Delphi.Personality.12</Borland.Personality>
        <Borland.ProjectType>Application</Borland.ProjectType>
        <BorlandProject>
            <Delphi.Personality>
                <Source>
                    <Source Name="MainSource">ProjectConsoleMain.dpr</Source>
                </Source>
                <Excluded_Packages>
                    <Excluded_Packages Name="C:\Users\Public\Documents\Embarcadero\Studio\17.0\Bpl\LockBox230.bpl">TurboPower LockBox 2.08 Run-time package - RTL210</Excluded_Packages>
                    <Excluded_Packages Name="$(BDSBIN)\dclDataSnapNativeServer230.bpl">Embarcadero DBExpress DataSnap Native Server Components</Excluded_Packages>
                    <Excluded_Packages Name="$(BDSBIN)\dcloffice2k230.bpl">Microsoft Office 2000 Sample Automation Server Wrapper Components</Excluded_Packages>
                    <Excluded_Packages Name="$(BDSBIN)\dclofficexp230.bpl">Microsoft Office XP Sample Automation Server Wrapper Components</Excluded_Packages>
                    <Excluded_Packages Name="C:\Users\Public\Documents\Embarcadero\Studio\17.0\Bpl\AbbreviaVCLD230.bpl">TurboPack Abbrevia Runtime Delphi package VCL</Excluded_Packages>
                    <Excluded_Packages Name="C:\Users\Public\Documents\Embarcadero\Studio\17.0\Bpl\TemplateEngine230.bpl">PC TemplateEngine</Excluded_Packages>
                </Excluded_Packages>
            </Delphi.Personality>
            <Deployment Version="2">
                <DeployFile LocalName="$(BDS)\Redist\osx32\libcgunwind.1.0.dylib" Class="DependencyModule">
                    <Platform Name="OSX32">
                        <Overwrite>true</Overwrite>
                    </Platform>
                </DeployFile>
                <DeployFile LocalName="$(BDS)\Redist\iossimulator\libcgunwind.1.0.dylib" Class="DependencyModule">
                    <Platform Name="iOSSimulator">
                        <Overwrite>true</Overwrite>
                    </Platform>
                </DeployFile>
                <DeployFile LocalName="$(BDS)\Redist\iossimulator\libPCRE.dylib" Class="DependencyModule">
                    <Platform Name="iOSSimulator">
                        <Overwrite>true</Overwrite>
                    </Platform>
                </DeployFile>
                <DeployFile LocalName="Win32\Debug\ProjectConsoleMain.exe" Configuration="Debug" Class="ProjectOutput">
                    <Platform Name="Win32">
                        <RemoteName>ProjectConsoleMain.exe</RemoteName>
                        <Overwrite>true</Overwrite>
                    </Platform>
                </DeployFile>
                <DeployClass Name="DependencyModule">
                    <Platform Name="Win32">
                        <Operation>0</Operation>
                        <Extensions>.dll;.bpl</Extensions>
                    </Platform>
                    <Platform Name="iOSDevice64">
                        <Operation>1</Operation>
                        <Extensions>.dylib</Extensions>
                    </Platform>
                    <Platform Name="OSX32">
                        <RemoteDir>Contents\MacOS</RemoteDir>
                        <Operation>1</Operation>
                        <Extensions>.dylib</Extensions>
                    </Platform>
                    <Platform Name="iOSDevice32">
                        <Operation>1</Operation>
                        <Extensions>.dylib</Extensions>
                    </Platform>
                    <Platform Name="iOSSimulator">
                        <Operation>1</Operation>
                        <Extensions>.dylib</Extensions>
                    </Platform>
                </DeployClass>
                <DeployClass Name="ProjectOSXResource">
                    <Platform Name="OSX32">
                        <RemoteDir>Contents\Resources</RemoteDir>
                        <Operation>1</Operation>
                    </Platform>
                </DeployClass>
                <DeployClass Name="AndroidClassesDexFile">
                    <Platform Name="Android">
                        <RemoteDir>classes</RemoteDir>
                        <Operation>1</Operation>
                    </Platform>
                </DeployClass>
                <DeployClass Name="AdditionalDebugSymbols">
                    <Platform Name="Win32">
                        <RemoteDir>Contents\MacOS</RemoteDir>
                        <Operation>0</Operation>
                    </Platform>
                    <Platform Name="iOSSimulator">
                        <Operation>1</Operation>
                    </Platform>
                    <Platform Name="OSX32">
                        <RemoteDir>Contents\MacOS</RemoteDir>
                        <Operation>1</Operation>
                    </Platform>
                </DeployClass>
                <DeployClass Name="iPad_Launch768">
                    <Platform Name="iOSSimulator">
                        <Operation>1</Operation>
                    </Platform>
                    <Platform Name="iOSDevice64">
                        <Operation>1</Operation>
                    </Platform>
                    <Platform Name="iOSDevice32">
                        <Operation>1</Operation>
                    </Platform>
                </DeployClass>
                <DeployClass Name="Android_LauncherIcon144">
                    <Platform Name="Android">
                        <RemoteDir>res\drawable-xxhdpi</RemoteDir>
                        <Operation>1</Operation>
                    </Platform>
                </DeployClass>
                <DeployClass Name="AndroidLibnativeMipsFile">
                    <Platform Name="Android">
                        <RemoteDir>library\lib\mips</RemoteDir>
                        <Operation>1</Operation>
                    </Platform>
                </DeployClass>
                <DeployClass Required="true" Name="ProjectOutput">
                    <Platform Name="Win32">
                        <Operation>0</Operation>
                    </Platform>
                    <Platform Name="iOSDevice64">
                        <Operation>1</Operation>
                    </Platform>
                    <Platform Name="OSX32">
                        <RemoteDir>Contents\MacOS</RemoteDir>
                        <Operation>1</Operation>
                    </Platform>
                    <Platform Name="iOSDevice32">
                        <Operation>1</Operation>
                    </Platform>
                    <Platform Name="Android">
                        <RemoteDir>library\lib\armeabi-v7a</RemoteDir>
                        <Operation>1</Operation>
                    </Platform>
                    <Platform Name="iOSSimulator">
                        <Operation>1</Operation>
                    </Platform>
                </DeployClass>
                <DeployClass Name="DependencyFramework">
                    <Platform Name="Win32">
                        <Operation>0</Operation>
                    </Platform>
                    <Platform Name="OSX32">
                        <RemoteDir>Contents\MacOS</RemoteDir>
                        <Operation>1</Operation>
                        <Extensions>.framework</Extensions>
                    </Platform>
                </DeployClass>
                <DeployClass Name="iPhone_Launch640">
                    <Platform Name="iOSSimulator">
                        <Operation>1</Operation>
                    </Platform>
                    <Platform Name="iOSDevice64">
                        <Operation>1</Operation>
                    </Platform>
                    <Platform Name="iOSDevice32">
                        <Operation>1</Operation>
                    </Platform>
                </DeployClass>
                <DeployClass Name="iPad_Launch1024">
                    <Platform Name="iOSSimulator">
                        <Operation>1</Operation>
                    </Platform>
                    <Platform Name="iOSDevice64">
                        <Operation>1</Operation>
                    </Platform>
                    <Platform Name="iOSDevice32">
                        <Operation>1</Operation>
                    </Platform>
                </DeployClass>
                <DeployClass Name="ProjectiOSDeviceDebug">
                    <Platform Name="iOSDevice64">
                        <RemoteDir>..\$(PROJECTNAME).app.dSYM\Contents\Resources\DWARF</RemoteDir>
                        <Operation>1</Operation>
                    </Platform>
                    <Platform Name="iOSDevice32">
                        <RemoteDir>..\$(PROJECTNAME).app.dSYM\Contents\Resources\DWARF</RemoteDir>
                        <Operation>1</Operation>
                    </Platform>
                </DeployClass>
                <DeployClass Name="AndroidLibnativeX86File">
                    <Platform Name="Android">
                        <RemoteDir>library\lib\x86</RemoteDir>
                        <Operation>1</Operation>
                    </Platform>
                </DeployClass>
                <DeployClass Name="iPhone_Launch320">
                    <Platform Name="iOSSimulator">
                        <Operation>1</Operation>
                    </Platform>
                    <Platform Name="iOSDevice64">
                        <Operation>1</Operation>
                    </Platform>
                    <Platform Name="iOSDevice32">
                        <Operation>1</Operation>
                    </Platform>
                </DeployClass>
                <DeployClass Name="ProjectiOSInfoPList">
                    <Platform Name="iOSSimulator">
                        <Operation>1</Operation>
                    </Platform>
                    <Platform Name="iOSDevice64">
                        <Operation>1</Operation>
                    </Platform>
                    <Platform Name="iOSDevice32">
                        <Operation>1</Operation>
                    </Platform>
                </DeployClass>
                <DeployClass Name="AndroidLibnativeArmeabiFile">
                    <Platform Name="Android">
                        <RemoteDir>library\lib\armeabi</RemoteDir>
                        <Operation>1</Operation>
                    </Platform>
                </DeployClass>
                <DeployClass Name="DebugSymbols">
                    <Platform Name="Win32">
                        <Operation>0</Operation>
                    </Platform>
                    <Platform Name="iOSSimulator">
                        <Operation>1</Operation>
                    </Platform>
                    <Platform Name="OSX32">
                        <RemoteDir>Contents\MacOS</RemoteDir>
                        <Operation>1</Operation>
                    </Platform>
                </DeployClass>
                <DeployClass Name="iPad_Launch1536">
                    <Platform Name="iOSSimulator">
                        <Operation>1</Operation>
                    </Platform>
                    <Platform Name="iOSDevice64">
                        <Operation>1</Operation>
                    </Platform>
                    <Platform Name="iOSDevice32">
                        <Operation>1</Operation>
                    </Platform>
                </DeployClass>
                <DeployClass Name="Android_SplashImage470">
                    <Platform Name="Android">
                        <RemoteDir>res\drawable-normal</RemoteDir>
                        <Operation>1</Operation>
                    </Platform>
                </DeployClass>
                <DeployClass Name="Android_LauncherIcon96">
                    <Platform Name="Android">
                        <RemoteDir>res\drawable-xhdpi</RemoteDir>
                        <Operation>1</Operation>
                    </Platform>
                </DeployClass>
                <DeployClass Name="Android_SplashImage640">
                    <Platform Name="Android">
                        <RemoteDir>res\drawable-large</RemoteDir>
                        <Operation>1</Operation>
                    </Platform>
                </DeployClass>
                <DeployClass Name="iPhone_Launch640x1136">
                    <Platform Name="iOSSimulator">
                        <Operation>1</Operation>
                    </Platform>
                    <Platform Name="iOSDevice64">
                        <Operation>1</Operation>
                    </Platform>
                    <Platform Name="iOSDevice32">
                        <Operation>1</Operation>
                    </Platform>
                </DeployClass>
                <DeployClass Name="ProjectiOSEntitlements">
                    <Platform Name="iOSDevice64">
                        <RemoteDir>../</RemoteDir>
                        <Operation>1</Operation>
                    </Platform>
                    <Platform Name="iOSDevice32">
                        <RemoteDir>../</RemoteDir>
                        <Operation>1</Operation>
                    </Platform>
                </DeployClass>
                <DeployClass Name="Android_LauncherIcon72">
                    <Platform Name="Android">
                        <RemoteDir>res\drawable-hdpi</RemoteDir>
                        <Operation>1</Operation>
                    </Platform>
                </DeployClass>
                <DeployClass Name="AndroidGDBServer">
                    <Platform Name="Android">
                        <RemoteDir>library\lib\armeabi-v7a</RemoteDir>
                        <Operation>1</Operation>
                    </Platform>
                </DeployClass>
                <DeployClass Name="ProjectOSXInfoPList">
                    <Platform Name="OSX32">
                        <RemoteDir>Contents</RemoteDir>
                        <Operation>1</Operation>
                    </Platform>
                </DeployClass>
                <DeployClass Name="ProjectOSXEntitlements">
                    <Platform Name="OSX32">
                        <RemoteDir>../</RemoteDir>
                        <Operation>1</Operation>
                    </Platform>
                </DeployClass>
                <DeployClass Name="iPad_Launch2048">
                    <Platform Name="iOSSimulator">
                        <Operation>1</Operation>
                    </Platform>
                    <Platform Name="iOSDevice64">
                        <Operation>1</Operation>
                    </Platform>
                    <Platform Name="iOSDevice32">
                        <Operation>1</Operation>
                    </Platform>
                </DeployClass>
                <DeployClass Name="AndroidSplashStyles">
                    <Platform Name="Android">
                        <RemoteDir>res\values</RemoteDir>
                        <Operation>1</Operation>
                    </Platform>
                </DeployClass>
                <DeployClass Name="Android_SplashImage426">
                    <Platform Name="Android">
                        <RemoteDir>res\drawable-small</RemoteDir>
                        <Operation>1</Operation>
                    </Platform>
                </DeployClass>
                <DeployClass Name="AndroidSplashImageDef">
                    <Platform Name="Android">
                        <RemoteDir>res\drawable</RemoteDir>
                        <Operation>1</Operation>
                    </Platform>
                </DeployClass>
                <DeployClass Name="ProjectiOSResource">
                    <Platform Name="iOSSimulator">
                        <Operation>1</Operation>
                    </Platform>
                    <Platform Name="iOSDevice64">
                        <Operation>1</Operation>
                    </Platform>
                    <Platform Name="iOSDevice32">
                        <Operation>1</Operation>
                    </Platform>
                </DeployClass>
                <DeployClass Name="ProjectAndroidManifest">
                    <Platform Name="Android">
                        <Operation>1</Operation>
                    </Platform>
                </DeployClass>
                <DeployClass Name="Android_DefaultAppIcon">
                    <Platform Name="Android">
                        <RemoteDir>res\drawable</RemoteDir>
                        <Operation>1</Operation>
                    </Platform>
                </DeployClass>
                <DeployClass Name="File">
                    <Platform Name="Win32">
                        <Operation>0</Operation>
                    </Platform>
                    <Platform Name="iOSDevice64">
                        <Operation>0</Operation>
                    </Platform>
                    <Platform Name="OSX32">
                        <RemoteDir>Contents\Resources\StartUp\</RemoteDir>
                        <Operation>0</Operation>
                    </Platform>
                    <Platform Name="iOSDevice32">
                        <Operation>0</Operation>
                    </Platform>
                    <Platform Name="Android">
                        <Operation>0</Operation>
                    </Platform>
                    <Platform Name="iOSSimulator">
                        <Operation>0</Operation>
                    </Platform>
                </DeployClass>
                <DeployClass Name="AndroidServiceOutput">
                    <Platform Name="Android">
                        <RemoteDir>library\lib\armeabi-v7a</RemoteDir>
                        <Operation>1</Operation>
                    </Platform>
                </DeployClass>
                <DeployClass Required="true" Name="DependencyPackage">
                    <Platform Name="Win32">
                        <Operation>0</Operation>
                        <Extensions>.bpl</Extensions>
                    </Platform>
                    <Platform Name="iOSDevice64">
                        <Operation>1</Operation>
                        <Extensions>.dylib</Extensions>
                    </Platform>
                    <Platform Name="OSX32">
                        <RemoteDir>Contents\MacOS</RemoteDir>
                        <Operation>1</Operation>
                        <Extensions>.dylib</Extensions>
                    </Platform>
                    <Platform Name="iOSDevice32">
                        <Operation>1</Operation>
                        <Extensions>.dylib</Extensions>
                    </Platform>
                    <Platform Name="iOSSimulator">
                        <Operation>1</Operation>
                        <Extensions>.dylib</Extensions>
                    </Platform>
                </DeployClass>
                <DeployClass Name="Android_LauncherIcon48">
                    <Platform Name="Android">
                        <RemoteDir>res\drawable-mdpi</RemoteDir>
                        <Operation>1</Operation>
                    </Platform>
                </DeployClass>
                <DeployClass Name="Android_SplashImage960">
                    <Platform Name="Android">
                        <RemoteDir>res\drawable-xlarge</RemoteDir>
                        <Operation>1</Operation>
                    </Platform>
                </DeployClass>
                <DeployClass Name="Android_LauncherIcon36">
                    <Platform Name="Android">
                        <RemoteDir>res\drawable-ldpi</RemoteDir>
                        <Operation>1</Operation>
                    </Platform>
                </DeployClass>
                <DeployClass Name="ProjectiOSDeviceResourceRules">
                    <Platform Name="iOSDevice64">
                        <Operation>1</Operation>
                    </Platform>
                    <Platform Name="iOSDevice32">
                        <Operation>1</Operation>
                    </Platform>
                </DeployClass>
                <ProjectRoot Platform="iOSDevice64" Name="$(PROJECTNAME).app"/>
                <ProjectRoot Platform="Win64" Name="$(PROJECTNAME)"/>
                <ProjectRoot Platform="iOSDevice32" Name="$(PROJECTNAME).app"/>
                <ProjectRoot Platform="Win32" Name="$(PROJECTNAME)"/>
                <ProjectRoot Platform="OSX32" Name="$(PROJECTNAME).app"/>
                <ProjectRoot Platform="Android" Name="$(PROJECTNAME)"/>
                <ProjectRoot Platform="iOSSimulator" Name="$(PROJECTNAME).app"/>
            </Deployment>
            <Platforms>
                <Platform value="Android">False</Platform>
                <Platform value="Win32">True</Platform>
                <Platform value="Win64">False</Platform>
            </Platforms>
        </BorlandProject>
        <ProjectFileVersion>12</ProjectFileVersion>
    </ProjectExtensions>
    <Import Project="$(BDS)\Bin\CodeGear.Delphi.Targets" Condition="Exists('$(BDS)\Bin\CodeGear.Delphi.Targets')"/>
    <Import Project="$(APPDATA)\Embarcadero\$(BDSAPPDATABASEDIR)\$(PRODUCTVERSION)\UserTools.proj" Condition="Exists('$(APPDATA)\Embarcadero\$(BDSAPPDATABASEDIR)\$(PRODUCTVERSION)\UserTools.proj')"/>
    <Import Project="$(MSBuildProjectName).deployproj" Condition="Exists('$(MSBuildProjectName).deployproj')"/>
</Project>
